
Microsoft Visual Studio Solution File, Format Version 12.00
# Visual Studio Version 16
VisualStudioVersion = 16.0.29509.3
MinimumVisualStudioVersion = 10.0.40219.1
Project("{FAE04EC0-301F-11D3-BF4B-00C04F79EFBC}") = "Nmm2Bcr", "Nmm2Bcr.csproj", "{8B834C10-1387-4B2D-99EB-11F40892DDEB}"
EndProject
Global
	GlobalSection(SolutionConfigurationPlatforms) = preSolution
		Debug|Any CPU = Debug|Any CPU
		Release|Any CPU = Release|Any CPU
	EndGlobalSection
	GlobalSection(ProjectConfigurationPlatforms) = postSolution
		{8B834C10-1387-4B2D-99EB-11F40892DDEB}.Debug|Any CPU.ActiveCfg = Debug|Any CPU
		{8B834C10-1387-4B2D-99EB-11F40892DDEB}.Debug|Any CPU.Build.0 = Debug|Any CPU
		{8B834C10-1387-4B2D-99EB-11F40892DDEB}.Release|Any CPU.ActiveCfg = Release|Any CPU
		{8B834C10-1387-4B2D-99EB-11F40892DDEB}.Release|Any CPU.Build.0 = Release|Any CPU
	EndGlobalSection
	GlobalSection(SolutionProperties) = preSolution
		HideSolutionNode = FALSE
	EndGlobalSection
	GlobalSection(ExtensibilityGlobals) = postSolution
		SolutionGuid = {A81E263A-0296-42FA-911B-784E087C0347}
	EndGlobalSection
EndGlobal
